// !$*UTF8*$!
{
	archiveVersion = 1;
	classes = {
	};
	objectVersion = 54;
	objects = {

/* Begin PBXBuildFile section */
		00E356F31AD99517003FC87E /* iExploreTests.m in Sources */ = {isa = PBXBuildFile; fileRef = 00E356F21AD99517003FC87E /* iExploreTests.m */; };
		13B07FBC1A68108700A75B9A /* AppDelegate.mm in Sources */ = {isa = PBXBuildFile; fileRef = 13B07FB01A68108700A75B9A /* AppDelegate.mm */; };
		13B07FBF1A68108700A75B9A /* Images.xcassets in Resources */ = {isa = PBXBuildFile; fileRef = 13B07FB51A68108700A75B9A /* Images.xcassets */; };
		13B07FC11A68108700A75B9A /* main.m in Sources */ = {isa = PBXBuildFile; fileRef = 13B07FB71A68108700A75B9A /* main.m */; };
		3E348703D6724DE8A576663C /* NeueMontreal-Light.otf in Resources */ = {isa = PBXBuildFile; fileRef = 0B0052F1B5C34877953700C2 /* NeueMontreal-Light.otf */; };
		7EC1EB03B7864BCB86DDC991 /* NeueMontreal-Regular.otf in Resources */ = {isa = PBXBuildFile; fileRef = 6E9215872D734BD4BBDE6470 /* NeueMontreal-Regular.otf */; };
		815E0FCBCD3747088E3A4815 /* NeueMontreal-MediumItalic.otf in Resources */ = {isa = PBXBuildFile; fileRef = D1F550F220174E6D9328E39A /* NeueMontreal-MediumItalic.otf */; };
		81AB9BB82411601600AC10FF /* LaunchScreen.storyboard in Resources */ = {isa = PBXBuildFile; fileRef = 81AB9BB72411601600AC10FF /* LaunchScreen.storyboard */; };
		8B8F395E2B3AC53D004392B0 /* Fontisto.ttf in Resources */ = {isa = PBXBuildFile; fileRef = 8B8F394B2B3AC53C004392B0 /* Fontisto.ttf */; };
		8B8F395F2B3AC53D004392B0 /* Octicons.ttf in Resources */ = {isa = PBXBuildFile; fileRef = 8B8F394C2B3AC53C004392B0 /* Octicons.ttf */; };
		8B8F39602B3AC53D004392B0 /* Feather.ttf in Resources */ = {isa = PBXBuildFile; fileRef = 8B8F394D2B3AC53C004392B0 /* Feather.ttf */; };
		8B8F39612B3AC53D004392B0 /* FontAwesome6_Regular.ttf in Resources */ = {isa = PBXBuildFile; fileRef = 8B8F394E2B3AC53C004392B0 /* FontAwesome6_Regular.ttf */; };
		8B8F39622B3AC53D004392B0 /* Entypo.ttf in Resources */ = {isa = PBXBuildFile; fileRef = 8B8F394F2B3AC53C004392B0 /* Entypo.ttf */; };
		8B8F39632B3AC53D004392B0 /* FontAwesome5_Brands.ttf in Resources */ = {isa = PBXBuildFile; fileRef = 8B8F39502B3AC53C004392B0 /* FontAwesome5_Brands.ttf */; };
		8B8F39642B3AC53D004392B0 /* MaterialCommunityIcons.ttf in Resources */ = {isa = PBXBuildFile; fileRef = 8B8F39512B3AC53C004392B0 /* MaterialCommunityIcons.ttf */; };
		8B8F39652B3AC53D004392B0 /* AntDesign.ttf in Resources */ = {isa = PBXBuildFile; fileRef = 8B8F39522B3AC53C004392B0 /* AntDesign.ttf */; };
		8B8F39662B3AC53D004392B0 /* Foundation.ttf in Resources */ = {isa = PBXBuildFile; fileRef = 8B8F39532B3AC53C004392B0 /* Foundation.ttf */; };
		8B8F39672B3AC53D004392B0 /* Ionicons.ttf in Resources */ = {isa = PBXBuildFile; fileRef = 8B8F39542B3AC53C004392B0 /* Ionicons.ttf */; };
		8B8F39682B3AC53D004392B0 /* FontAwesome5_Solid.ttf in Resources */ = {isa = PBXBuildFile; fileRef = 8B8F39552B3AC53C004392B0 /* FontAwesome5_Solid.ttf */; };
		8B8F39692B3AC53D004392B0 /* FontAwesome5_Regular.ttf in Resources */ = {isa = PBXBuildFile; fileRef = 8B8F39562B3AC53C004392B0 /* FontAwesome5_Regular.ttf */; };
		8B8F396A2B3AC53D004392B0 /* FontAwesome.ttf in Resources */ = {isa = PBXBuildFile; fileRef = 8B8F39572B3AC53C004392B0 /* FontAwesome.ttf */; };
		8B8F396B2B3AC53D004392B0 /* Zocial.ttf in Resources */ = {isa = PBXBuildFile; fileRef = 8B8F39582B3AC53C004392B0 /* Zocial.ttf */; };
		8B8F396C2B3AC53D004392B0 /* EvilIcons.ttf in Resources */ = {isa = PBXBuildFile; fileRef = 8B8F39592B3AC53C004392B0 /* EvilIcons.ttf */; };
		8B8F396D2B3AC53D004392B0 /* FontAwesome6_Solid.ttf in Resources */ = {isa = PBXBuildFile; fileRef = 8B8F395A2B3AC53C004392B0 /* FontAwesome6_Solid.ttf */; };
		8B8F396E2B3AC53D004392B0 /* SimpleLineIcons.ttf in Resources */ = {isa = PBXBuildFile; fileRef = 8B8F395B2B3AC53C004392B0 /* SimpleLineIcons.ttf */; };
		8B8F396F2B3AC53D004392B0 /* FontAwesome6_Brands.ttf in Resources */ = {isa = PBXBuildFile; fileRef = 8B8F395C2B3AC53C004392B0 /* FontAwesome6_Brands.ttf */; };
		8B8F39702B3AC53D004392B0 /* MaterialIcons.ttf in Resources */ = {isa = PBXBuildFile; fileRef = 8B8F395D2B3AC53C004392B0 /* MaterialIcons.ttf */; };
		908785DD11E7CCB3AB8D7B41 /* libPods-iExplore.a in Frameworks */ = {isa = PBXBuildFile; fileRef = 2A2F6E582DAE1B070DD96027 /* libPods-iExplore.a */; };
		9CA7819CE3444D38AF6AA4C9 /* NeueMontreal-Medium.otf in Resources */ = {isa = PBXBuildFile; fileRef = D0331D9BE9824D1ABC91B109 /* NeueMontreal-Medium.otf */; };
		CC3DAE3076DC4C7597050677 /* NeueMontreal-Bold.otf in Resources */ = {isa = PBXBuildFile; fileRef = 497FC8D4453441EAA61D7F90 /* NeueMontreal-Bold.otf */; };
		D73847FE9721416E9602BFB3 /* NeueMontreal-LightItalic.otf in Resources */ = {isa = PBXBuildFile; fileRef = 6BB5E4DF6D26495DA299ECDF /* NeueMontreal-LightItalic.otf */; };
		DE67BB4C63944089B38116F6 /* NeueMontreal-Italic.otf in Resources */ = {isa = PBXBuildFile; fileRef = 2CD1B155DF9042EE84F28D7D /* NeueMontreal-Italic.otf */; };
		E7FE707DCEF142A19488F686 /* NeueMontreal-BoldItalic.otf in Resources */ = {isa = PBXBuildFile; fileRef = F371BA05B9394C919FC1F34A /* NeueMontreal-BoldItalic.otf */; };
		EFEFDADF560E59797C1E1D17 /* libPods-iExplore-iExploreTests.a in Frameworks */ = {isa = PBXBuildFile; fileRef = B5C2D63B21C6E60770914F2D /* libPods-iExplore-iExploreTests.a */; };
/* End PBXBuildFile section */

/* Begin PBXContainerItemProxy section */
		00E356F41AD99517003FC87E /* PBXContainerItemProxy */ = {
			isa = PBXContainerItemProxy;
			containerPortal = 83CBB9F71A601CBA00E9B192 /* Project object */;
			proxyType = 1;
			remoteGlobalIDString = 13B07F861A680F5B00A75B9A;
			remoteInfo = iExplore;
		};
/* End PBXContainerItemProxy section */

/* Begin PBXFileReference section */
		00E356EE1AD99517003FC87E /* iExploreTests.xctest */ = {isa = PBXFileReference; explicitFileType = wrapper.cfbundle; includeInIndex = 0; path = iExploreTests.xctest; sourceTree = BUILT_PRODUCTS_DIR; };
		00E356F11AD99517003FC87E /* Info.plist */ = {isa = PBXFileReference; lastKnownFileType = text.plist.xml; path = Info.plist; sourceTree = "<group>"; };
		00E356F21AD99517003FC87E /* iExploreTests.m */ = {isa = PBXFileReference; lastKnownFileType = sourcecode.c.objc; path = iExploreTests.m; sourceTree = "<group>"; };
		0B0052F1B5C34877953700C2 /* NeueMontreal-Light.otf */ = {isa = PBXFileReference; explicitFileType = undefined; fileEncoding = 9; includeInIndex = 0; lastKnownFileType = unknown; name = "NeueMontreal-Light.otf"; path = "../assets/fonts/NeueMontreal-Light.otf"; sourceTree = "<group>"; };
		13B07F961A680F5B00A75B9A /* iExplore.app */ = {isa = PBXFileReference; explicitFileType = wrapper.application; includeInIndex = 0; path = iExplore.app; sourceTree = BUILT_PRODUCTS_DIR; };
		13B07FAF1A68108700A75B9A /* AppDelegate.h */ = {isa = PBXFileReference; fileEncoding = 4; lastKnownFileType = sourcecode.c.h; name = AppDelegate.h; path = iExplore/AppDelegate.h; sourceTree = "<group>"; };
		13B07FB01A68108700A75B9A /* AppDelegate.mm */ = {isa = PBXFileReference; fileEncoding = 4; lastKnownFileType = sourcecode.cpp.objcpp; name = AppDelegate.mm; path = iExplore/AppDelegate.mm; sourceTree = "<group>"; };
		13B07FB51A68108700A75B9A /* Images.xcassets */ = {isa = PBXFileReference; lastKnownFileType = folder.assetcatalog; name = Images.xcassets; path = iExplore/Images.xcassets; sourceTree = "<group>"; };
		13B07FB61A68108700A75B9A /* Info.plist */ = {isa = PBXFileReference; fileEncoding = 4; lastKnownFileType = text.plist.xml; name = Info.plist; path = iExplore/Info.plist; sourceTree = "<group>"; };
		13B07FB71A68108700A75B9A /* main.m */ = {isa = PBXFileReference; fileEncoding = 4; lastKnownFileType = sourcecode.c.objc; name = main.m; path = iExplore/main.m; sourceTree = "<group>"; };
		1428E97DE3364A1C9A39737D /* Pods-iExplore.release.xcconfig */ = {isa = PBXFileReference; includeInIndex = 1; lastKnownFileType = text.xcconfig; name = "Pods-iExplore.release.xcconfig"; path = "Target Support Files/Pods-iExplore/Pods-iExplore.release.xcconfig"; sourceTree = "<group>"; };
		227B8BEDE6E9A3613CE6E185 /* Pods-iExplore-iExploreTests.release.xcconfig */ = {isa = PBXFileReference; includeInIndex = 1; lastKnownFileType = text.xcconfig; name = "Pods-iExplore-iExploreTests.release.xcconfig"; path = "Target Support Files/Pods-iExplore-iExploreTests/Pods-iExplore-iExploreTests.release.xcconfig"; sourceTree = "<group>"; };
		2A2F6E582DAE1B070DD96027 /* libPods-iExplore.a */ = {isa = PBXFileReference; explicitFileType = archive.ar; includeInIndex = 0; path = "libPods-iExplore.a"; sourceTree = BUILT_PRODUCTS_DIR; };
		2CD1B155DF9042EE84F28D7D /* NeueMontreal-Italic.otf */ = {isa = PBXFileReference; explicitFileType = undefined; fileEncoding = 9; includeInIndex = 0; lastKnownFileType = unknown; name = "NeueMontreal-Italic.otf"; path = "../assets/fonts/NeueMontreal-Italic.otf"; sourceTree = "<group>"; };
		497FC8D4453441EAA61D7F90 /* NeueMontreal-Bold.otf */ = {isa = PBXFileReference; explicitFileType = undefined; fileEncoding = 9; includeInIndex = 0; lastKnownFileType = unknown; name = "NeueMontreal-Bold.otf"; path = "../assets/fonts/NeueMontreal-Bold.otf"; sourceTree = "<group>"; };
		6078A42BB37A2C4DDD2E5041 /* Pods-iExplore-iExploreTests.debug.xcconfig */ = {isa = PBXFileReference; includeInIndex = 1; lastKnownFileType = text.xcconfig; name = "Pods-iExplore-iExploreTests.debug.xcconfig"; path = "Target Support Files/Pods-iExplore-iExploreTests/Pods-iExplore-iExploreTests.debug.xcconfig"; sourceTree = "<group>"; };
		6BB5E4DF6D26495DA299ECDF /* NeueMontreal-LightItalic.otf */ = {isa = PBXFileReference; explicitFileType = undefined; fileEncoding = 9; includeInIndex = 0; lastKnownFileType = unknown; name = "NeueMontreal-LightItalic.otf"; path = "../assets/fonts/NeueMontreal-LightItalic.otf"; sourceTree = "<group>"; };
		6E9215872D734BD4BBDE6470 /* NeueMontreal-Regular.otf */ = {isa = PBXFileReference; explicitFileType = undefined; fileEncoding = 9; includeInIndex = 0; lastKnownFileType = unknown; name = "NeueMontreal-Regular.otf"; path = "../assets/fonts/NeueMontreal-Regular.otf"; sourceTree = "<group>"; };
		81AB9BB72411601600AC10FF /* LaunchScreen.storyboard */ = {isa = PBXFileReference; fileEncoding = 4; lastKnownFileType = file.storyboard; name = LaunchScreen.storyboard; path = iExplore/LaunchScreen.storyboard; sourceTree = "<group>"; };
		8B8F394B2B3AC53C004392B0 /* Fontisto.ttf */ = {isa = PBXFileReference; lastKnownFileType = file; path = Fontisto.ttf; sourceTree = "<group>"; };
		8B8F394C2B3AC53C004392B0 /* Octicons.ttf */ = {isa = PBXFileReference; lastKnownFileType = file; path = Octicons.ttf; sourceTree = "<group>"; };
		8B8F394D2B3AC53C004392B0 /* Feather.ttf */ = {isa = PBXFileReference; lastKnownFileType = file; path = Feather.ttf; sourceTree = "<group>"; };
		8B8F394E2B3AC53C004392B0 /* FontAwesome6_Regular.ttf */ = {isa = PBXFileReference; lastKnownFileType = file; path = FontAwesome6_Regular.ttf; sourceTree = "<group>"; };
		8B8F394F2B3AC53C004392B0 /* Entypo.ttf */ = {isa = PBXFileReference; lastKnownFileType = file; path = Entypo.ttf; sourceTree = "<group>"; };
		8B8F39502B3AC53C004392B0 /* FontAwesome5_Brands.ttf */ = {isa = PBXFileReference; lastKnownFileType = file; path = FontAwesome5_Brands.ttf; sourceTree = "<group>"; };
		8B8F39512B3AC53C004392B0 /* MaterialCommunityIcons.ttf */ = {isa = PBXFileReference; lastKnownFileType = file; path = MaterialCommunityIcons.ttf; sourceTree = "<group>"; };
		8B8F39522B3AC53C004392B0 /* AntDesign.ttf */ = {isa = PBXFileReference; lastKnownFileType = file; path = AntDesign.ttf; sourceTree = "<group>"; };
		8B8F39532B3AC53C004392B0 /* Foundation.ttf */ = {isa = PBXFileReference; lastKnownFileType = file; path = Foundation.ttf; sourceTree = "<group>"; };
		8B8F39542B3AC53C004392B0 /* Ionicons.ttf */ = {isa = PBXFileReference; lastKnownFileType = file; path = Ionicons.ttf; sourceTree = "<group>"; };
		8B8F39552B3AC53C004392B0 /* FontAwesome5_Solid.ttf */ = {isa = PBXFileReference; lastKnownFileType = file; path = FontAwesome5_Solid.ttf; sourceTree = "<group>"; };
		8B8F39562B3AC53C004392B0 /* FontAwesome5_Regular.ttf */ = {isa = PBXFileReference; lastKnownFileType = file; path = FontAwesome5_Regular.ttf; sourceTree = "<group>"; };
		8B8F39572B3AC53C004392B0 /* FontAwesome.ttf */ = {isa = PBXFileReference; lastKnownFileType = file; path = FontAwesome.ttf; sourceTree = "<group>"; };
		8B8F39582B3AC53C004392B0 /* Zocial.ttf */ = {isa = PBXFileReference; lastKnownFileType = file; path = Zocial.ttf; sourceTree = "<group>"; };
		8B8F39592B3AC53C004392B0 /* EvilIcons.ttf */ = {isa = PBXFileReference; lastKnownFileType = file; path = EvilIcons.ttf; sourceTree = "<group>"; };
		8B8F395A2B3AC53C004392B0 /* FontAwesome6_Solid.ttf */ = {isa = PBXFileReference; lastKnownFileType = file; path = FontAwesome6_Solid.ttf; sourceTree = "<group>"; };
		8B8F395B2B3AC53C004392B0 /* SimpleLineIcons.ttf */ = {isa = PBXFileReference; lastKnownFileType = file; path = SimpleLineIcons.ttf; sourceTree = "<group>"; };
		8B8F395C2B3AC53C004392B0 /* FontAwesome6_Brands.ttf */ = {isa = PBXFileReference; lastKnownFileType = file; path = FontAwesome6_Brands.ttf; sourceTree = "<group>"; };
		8B8F395D2B3AC53C004392B0 /* MaterialIcons.ttf */ = {isa = PBXFileReference; lastKnownFileType = file; path = MaterialIcons.ttf; sourceTree = "<group>"; };
		9E5AE5E3C58F2A4717BE9863 /* Pods-iExplore.debug.xcconfig */ = {isa = PBXFileReference; includeInIndex = 1; lastKnownFileType = text.xcconfig; name = "Pods-iExplore.debug.xcconfig"; path = "Target Support Files/Pods-iExplore/Pods-iExplore.debug.xcconfig"; sourceTree = "<group>"; };
		B5C2D63B21C6E60770914F2D /* libPods-iExplore-iExploreTests.a */ = {isa = PBXFileReference; explicitFileType = archive.ar; includeInIndex = 0; path = "libPods-iExplore-iExploreTests.a"; sourceTree = BUILT_PRODUCTS_DIR; };
		D0331D9BE9824D1ABC91B109 /* NeueMontreal-Medium.otf */ = {isa = PBXFileReference; explicitFileType = undefined; fileEncoding = 9; includeInIndex = 0; lastKnownFileType = unknown; name = "NeueMontreal-Medium.otf"; path = "../assets/fonts/NeueMontreal-Medium.otf"; sourceTree = "<group>"; };
		D1F550F220174E6D9328E39A /* NeueMontreal-MediumItalic.otf */ = {isa = PBXFileReference; explicitFileType = undefined; fileEncoding = 9; includeInIndex = 0; lastKnownFileType = unknown; name = "NeueMontreal-MediumItalic.otf"; path = "../assets/fonts/NeueMontreal-MediumItalic.otf"; sourceTree = "<group>"; };
		ED297162215061F000B7C4FE /* JavaScriptCore.framework */ = {isa = PBXFileReference; lastKnownFileType = wrapper.framework; name = JavaScriptCore.framework; path = System/Library/Frameworks/JavaScriptCore.framework; sourceTree = SDKROOT; };
		F371BA05B9394C919FC1F34A /* NeueMontreal-BoldItalic.otf */ = {isa = PBXFileReference; explicitFileType = undefined; fileEncoding = 9; includeInIndex = 0; lastKnownFileType = unknown; name = "NeueMontreal-BoldItalic.otf"; path = "../assets/fonts/NeueMontreal-BoldItalic.otf"; sourceTree = "<group>"; };
/* End PBXFileReference section */

/* Begin PBXFrameworksBuildPhase section */
		00E356EB1AD99517003FC87E /* Frameworks */ = {
			isa = PBXFrameworksBuildPhase;
			buildActionMask = 2147483647;
			files = (
				EFEFDADF560E59797C1E1D17 /* libPods-iExplore-iExploreTests.a in Frameworks */,
			);
			runOnlyForDeploymentPostprocessing = 0;
		};
		13B07F8C1A680F5B00A75B9A /* Frameworks */ = {
			isa = PBXFrameworksBuildPhase;
			buildActionMask = 2147483647;
			files = (
				908785DD11E7CCB3AB8D7B41 /* libPods-iExplore.a in Frameworks */,
			);
			runOnlyForDeploymentPostprocessing = 0;
		};
/* End PBXFrameworksBuildPhase section */

/* Begin PBXGroup section */
		00E356EF1AD99517003FC87E /* iExploreTests */ = {
			isa = PBXGroup;
			children = (
				00E356F21AD99517003FC87E /* iExploreTests.m */,
				00E356F01AD99517003FC87E /* Supporting Files */,
			);
			path = iExploreTests;
			sourceTree = "<group>";
		};
		00E356F01AD99517003FC87E /* Supporting Files */ = {
			isa = PBXGroup;
			children = (
				00E356F11AD99517003FC87E /* Info.plist */,
			);
			name = "Supporting Files";
			sourceTree = "<group>";
		};
		13B07FAE1A68108700A75B9A /* iExplore */ = {
			isa = PBXGroup;
			children = (
				13B07FAF1A68108700A75B9A /* AppDelegate.h */,
				13B07FB01A68108700A75B9A /* AppDelegate.mm */,
				13B07FB51A68108700A75B9A /* Images.xcassets */,
				13B07FB61A68108700A75B9A /* Info.plist */,
				81AB9BB72411601600AC10FF /* LaunchScreen.storyboard */,
				13B07FB71A68108700A75B9A /* main.m */,
			);
			name = iExplore;
			sourceTree = "<group>";
		};
		16351EC0100C4AF9BA5CDA30 /* Resources */ = {
			isa = PBXGroup;
			children = (
				497FC8D4453441EAA61D7F90 /* NeueMontreal-Bold.otf */,
				F371BA05B9394C919FC1F34A /* NeueMontreal-BoldItalic.otf */,
				2CD1B155DF9042EE84F28D7D /* NeueMontreal-Italic.otf */,
				0B0052F1B5C34877953700C2 /* NeueMontreal-Light.otf */,
				6BB5E4DF6D26495DA299ECDF /* NeueMontreal-LightItalic.otf */,
				D0331D9BE9824D1ABC91B109 /* NeueMontreal-Medium.otf */,
				D1F550F220174E6D9328E39A /* NeueMontreal-MediumItalic.otf */,
				6E9215872D734BD4BBDE6470 /* NeueMontreal-Regular.otf */,
			);
			name = Resources;
			sourceTree = "<group>";
		};
		2D16E6871FA4F8E400B85C8A /* Frameworks */ = {
			isa = PBXGroup;
			children = (
				ED297162215061F000B7C4FE /* JavaScriptCore.framework */,
				2A2F6E582DAE1B070DD96027 /* libPods-iExplore.a */,
				B5C2D63B21C6E60770914F2D /* libPods-iExplore-iExploreTests.a */,
			);
			name = Frameworks;
			sourceTree = "<group>";
		};
		832341AE1AAA6A7D00B99B32 /* Libraries */ = {
			isa = PBXGroup;
			children = (
			);
			name = Libraries;
			sourceTree = "<group>";
		};
		83CBB9F61A601CBA00E9B192 = {
			isa = PBXGroup;
			children = (
				8B8F394A2B3AC53C004392B0 /* Fonts */,
				13B07FAE1A68108700A75B9A /* iExplore */,
				832341AE1AAA6A7D00B99B32 /* Libraries */,
				00E356EF1AD99517003FC87E /* iExploreTests */,
				83CBBA001A601CBA00E9B192 /* Products */,
				2D16E6871FA4F8E400B85C8A /* Frameworks */,
				BBD78D7AC51CEA395F1C20DB /* Pods */,
				16351EC0100C4AF9BA5CDA30 /* Resources */,
			);
			indentWidth = 2;
			sourceTree = "<group>";
			tabWidth = 2;
			usesTabs = 0;
		};
		83CBBA001A601CBA00E9B192 /* Products */ = {
			isa = PBXGroup;
			children = (
				13B07F961A680F5B00A75B9A /* iExplore.app */,
				00E356EE1AD99517003FC87E /* iExploreTests.xctest */,
			);
			name = Products;
			sourceTree = "<group>";
		};
		8B8F394A2B3AC53C004392B0 /* Fonts */ = {
			isa = PBXGroup;
			children = (
				8B8F394B2B3AC53C004392B0 /* Fontisto.ttf */,
				8B8F394C2B3AC53C004392B0 /* Octicons.ttf */,
				8B8F394D2B3AC53C004392B0 /* Feather.ttf */,
				8B8F394E2B3AC53C004392B0 /* FontAwesome6_Regular.ttf */,
				8B8F394F2B3AC53C004392B0 /* Entypo.ttf */,
				8B8F39502B3AC53C004392B0 /* FontAwesome5_Brands.ttf */,
				8B8F39512B3AC53C004392B0 /* MaterialCommunityIcons.ttf */,
				8B8F39522B3AC53C004392B0 /* AntDesign.ttf */,
				8B8F39532B3AC53C004392B0 /* Foundation.ttf */,
				8B8F39542B3AC53C004392B0 /* Ionicons.ttf */,
				8B8F39552B3AC53C004392B0 /* FontAwesome5_Solid.ttf */,
				8B8F39562B3AC53C004392B0 /* FontAwesome5_Regular.ttf */,
				8B8F39572B3AC53C004392B0 /* FontAwesome.ttf */,
				8B8F39582B3AC53C004392B0 /* Zocial.ttf */,
				8B8F39592B3AC53C004392B0 /* EvilIcons.ttf */,
				8B8F395A2B3AC53C004392B0 /* FontAwesome6_Solid.ttf */,
				8B8F395B2B3AC53C004392B0 /* SimpleLineIcons.ttf */,
				8B8F395C2B3AC53C004392B0 /* FontAwesome6_Brands.ttf */,
				8B8F395D2B3AC53C004392B0 /* MaterialIcons.ttf */,
			);
			name = Fonts;
			path = "../node_modules/react-native-vector-icons/Fonts";
			sourceTree = "<group>";
		};
		BBD78D7AC51CEA395F1C20DB /* Pods */ = {
			isa = PBXGroup;
			children = (
				9E5AE5E3C58F2A4717BE9863 /* Pods-iExplore.debug.xcconfig */,
				1428E97DE3364A1C9A39737D /* Pods-iExplore.release.xcconfig */,
				6078A42BB37A2C4DDD2E5041 /* Pods-iExplore-iExploreTests.debug.xcconfig */,
				227B8BEDE6E9A3613CE6E185 /* Pods-iExplore-iExploreTests.release.xcconfig */,
			);
			path = Pods;
			sourceTree = "<group>";
		};
/* End PBXGroup section */

/* Begin PBXNativeTarget section */
		00E356ED1AD99517003FC87E /* iExploreTests */ = {
			isa = PBXNativeTarget;
			buildConfigurationList = 00E357021AD99517003FC87E /* Build configuration list for PBXNativeTarget "iExploreTests" */;
			buildPhases = (
				C7B35E9195A72A0DCCE2EC98 /* [CP] Check Pods Manifest.lock */,
				00E356EA1AD99517003FC87E /* Sources */,
				00E356EB1AD99517003FC87E /* Frameworks */,
				00E356EC1AD99517003FC87E /* Resources */,
				6E79EDF56E583553394CD685 /* [CP] Embed Pods Frameworks */,
				56DB073F5EBCA4E62CC94AD0 /* [CP] Copy Pods Resources */,
			);
			buildRules = (
			);
			dependencies = (
				00E356F51AD99517003FC87E /* PBXTargetDependency */,
			);
			name = iExploreTests;
			productName = iExploreTests;
			productReference = 00E356EE1AD99517003FC87E /* iExploreTests.xctest */;
			productType = "com.apple.product-type.bundle.unit-test";
		};
		13B07F861A680F5B00A75B9A /* iExplore */ = {
			isa = PBXNativeTarget;
			buildConfigurationList = 13B07F931A680F5B00A75B9A /* Build configuration list for PBXNativeTarget "iExplore" */;
			buildPhases = (
				E4F40250A808F5E104B66DD5 /* [CP] Check Pods Manifest.lock */,
				13B07F871A680F5B00A75B9A /* Sources */,
				13B07F8C1A680F5B00A75B9A /* Frameworks */,
				13B07F8E1A680F5B00A75B9A /* Resources */,
				00DD1BFF1BD5951E006B06BC /* Bundle React Native code and images */,
				F46AB2388ACF0CCDCF2225B1 /* [CP] Embed Pods Frameworks */,
				5E8CDBF4344F20FFCB25027C /* [CP] Copy Pods Resources */,
			);
			buildRules = (
			);
			dependencies = (
			);
			name = iExplore;
			productName = iExplore;
			productReference = 13B07F961A680F5B00A75B9A /* iExplore.app */;
			productType = "com.apple.product-type.application";
		};
/* End PBXNativeTarget section */

/* Begin PBXProject section */
		83CBB9F71A601CBA00E9B192 /* Project object */ = {
			isa = PBXProject;
			attributes = {
				LastUpgradeCheck = 1210;
				TargetAttributes = {
					00E356ED1AD99517003FC87E = {
						CreatedOnToolsVersion = 6.2;
						TestTargetID = 13B07F861A680F5B00A75B9A;
					};
					13B07F861A680F5B00A75B9A = {
						LastSwiftMigration = 1120;
					};
				};
			};
			buildConfigurationList = 83CBB9FA1A601CBA00E9B192 /* Build configuration list for PBXProject "iExplore" */;
			compatibilityVersion = "Xcode 12.0";
			developmentRegion = en;
			hasScannedForEncodings = 0;
			knownRegions = (
				en,
				Base,
			);
			mainGroup = 83CBB9F61A601CBA00E9B192;
			productRefGroup = 83CBBA001A601CBA00E9B192 /* Products */;
			projectDirPath = "";
			projectRoot = "";
			targets = (
				13B07F861A680F5B00A75B9A /* iExplore */,
				00E356ED1AD99517003FC87E /* iExploreTests */,
			);
		};
/* End PBXProject section */

/* Begin PBXResourcesBuildPhase section */
		00E356EC1AD99517003FC87E /* Resources */ = {
			isa = PBXResourcesBuildPhase;
			buildActionMask = 2147483647;
			files = (
			);
			runOnlyForDeploymentPostprocessing = 0;
		};
		13B07F8E1A680F5B00A75B9A /* Resources */ = {
			isa = PBXResourcesBuildPhase;
			buildActionMask = 2147483647;
			files = (
				8B8F39682B3AC53D004392B0 /* FontAwesome5_Solid.ttf in Resources */,
				81AB9BB82411601600AC10FF /* LaunchScreen.storyboard in Resources */,
				13B07FBF1A68108700A75B9A /* Images.xcassets in Resources */,
				CC3DAE3076DC4C7597050677 /* NeueMontreal-Bold.otf in Resources */,
				8B8F39612B3AC53D004392B0 /* FontAwesome6_Regular.ttf in Resources */,
				8B8F396E2B3AC53D004392B0 /* SimpleLineIcons.ttf in Resources */,
				E7FE707DCEF142A19488F686 /* NeueMontreal-BoldItalic.otf in Resources */,
				DE67BB4C63944089B38116F6 /* NeueMontreal-Italic.otf in Resources */,
				8B8F39652B3AC53D004392B0 /* AntDesign.ttf in Resources */,
				3E348703D6724DE8A576663C /* NeueMontreal-Light.otf in Resources */,
				8B8F396F2B3AC53D004392B0 /* FontAwesome6_Brands.ttf in Resources */,
				8B8F395E2B3AC53D004392B0 /* Fontisto.ttf in Resources */,
				8B8F39662B3AC53D004392B0 /* Foundation.ttf in Resources */,
				8B8F39672B3AC53D004392B0 /* Ionicons.ttf in Resources */,
				D73847FE9721416E9602BFB3 /* NeueMontreal-LightItalic.otf in Resources */,
				8B8F39632B3AC53D004392B0 /* FontAwesome5_Brands.ttf in Resources */,
				8B8F39692B3AC53D004392B0 /* FontAwesome5_Regular.ttf in Resources */,
				9CA7819CE3444D38AF6AA4C9 /* NeueMontreal-Medium.otf in Resources */,
				8B8F39702B3AC53D004392B0 /* MaterialIcons.ttf in Resources */,
				8B8F396B2B3AC53D004392B0 /* Zocial.ttf in Resources */,
				8B8F39602B3AC53D004392B0 /* Feather.ttf in Resources */,
				8B8F396D2B3AC53D004392B0 /* FontAwesome6_Solid.ttf in Resources */,
				8B8F396C2B3AC53D004392B0 /* EvilIcons.ttf in Resources */,
				815E0FCBCD3747088E3A4815 /* NeueMontreal-MediumItalic.otf in Resources */,
				8B8F396A2B3AC53D004392B0 /* FontAwesome.ttf in Resources */,
				8B8F39642B3AC53D004392B0 /* MaterialCommunityIcons.ttf in Resources */,
				8B8F395F2B3AC53D004392B0 /* Octicons.ttf in Resources */,
				8B8F39622B3AC53D004392B0 /* Entypo.ttf in Resources */,
				7EC1EB03B7864BCB86DDC991 /* NeueMontreal-Regular.otf in Resources */,
			);
			runOnlyForDeploymentPostprocessing = 0;
		};
/* End PBXResourcesBuildPhase section */

/* Begin PBXShellScriptBuildPhase section */
		00DD1BFF1BD5951E006B06BC /* Bundle React Native code and images */ = {
			isa = PBXShellScriptBuildPhase;
			buildActionMask = 2147483647;
			files = (
			);
			inputPaths = (
				"$(SRCROOT)/.xcode.env.local",
				"$(SRCROOT)/.xcode.env",
			);
			name = "Bundle React Native code and images";
			outputPaths = (
			);
			runOnlyForDeploymentPostprocessing = 0;
			shellPath = /bin/sh;
			shellScript = "set -e\n\nWITH_ENVIRONMENT=\"../node_modules/react-native/scripts/xcode/with-environment.sh\"\nREACT_NATIVE_XCODE=\"../node_modules/react-native/scripts/react-native-xcode.sh\"\n\n/bin/sh -c \"$WITH_ENVIRONMENT $REACT_NATIVE_XCODE\"\n";
		};
		56DB073F5EBCA4E62CC94AD0 /* [CP] Copy Pods Resources */ = {
			isa = PBXShellScriptBuildPhase;
			buildActionMask = 2147483647;
			files = (
			);
			inputFileListPaths = (
				"${PODS_ROOT}/Target Support Files/Pods-iExplore-iExploreTests/Pods-iExplore-iExploreTests-resources-${CONFIGURATION}-input-files.xcfilelist",
			);
			name = "[CP] Copy Pods Resources";
			outputFileListPaths = (
				"${PODS_ROOT}/Target Support Files/Pods-iExplore-iExploreTests/Pods-iExplore-iExploreTests-resources-${CONFIGURATION}-output-files.xcfilelist",
			);
			runOnlyForDeploymentPostprocessing = 0;
			shellPath = /bin/sh;
			shellScript = "\"${PODS_ROOT}/Target Support Files/Pods-iExplore-iExploreTests/Pods-iExplore-iExploreTests-resources.sh\"\n";
			showEnvVarsInLog = 0;
		};
		5E8CDBF4344F20FFCB25027C /* [CP] Copy Pods Resources */ = {
			isa = PBXShellScriptBuildPhase;
			buildActionMask = 2147483647;
			files = (
			);
			inputFileListPaths = (
				"${PODS_ROOT}/Target Support Files/Pods-iExplore/Pods-iExplore-resources-${CONFIGURATION}-input-files.xcfilelist",
			);
			name = "[CP] Copy Pods Resources";
			outputFileListPaths = (
				"${PODS_ROOT}/Target Support Files/Pods-iExplore/Pods-iExplore-resources-${CONFIGURATION}-output-files.xcfilelist",
			);
			runOnlyForDeploymentPostprocessing = 0;
			shellPath = /bin/sh;
			shellScript = "\"${PODS_ROOT}/Target Support Files/Pods-iExplore/Pods-iExplore-resources.sh\"\n";
			showEnvVarsInLog = 0;
		};
		6E79EDF56E583553394CD685 /* [CP] Embed Pods Frameworks */ = {
			isa = PBXShellScriptBuildPhase;
			buildActionMask = 2147483647;
			files = (
			);
			inputFileListPaths = (
				"${PODS_ROOT}/Target Support Files/Pods-iExplore-iExploreTests/Pods-iExplore-iExploreTests-frameworks-${CONFIGURATION}-input-files.xcfilelist",
			);
			name = "[CP] Embed Pods Frameworks";
			outputFileListPaths = (
				"${PODS_ROOT}/Target Support Files/Pods-iExplore-iExploreTests/Pods-iExplore-iExploreTests-frameworks-${CONFIGURATION}-output-files.xcfilelist",
			);
			runOnlyForDeploymentPostprocessing = 0;
			shellPath = /bin/sh;
			shellScript = "\"${PODS_ROOT}/Target Support Files/Pods-iExplore-iExploreTests/Pods-iExplore-iExploreTests-frameworks.sh\"\n";
			showEnvVarsInLog = 0;
		};
		C7B35E9195A72A0DCCE2EC98 /* [CP] Check Pods Manifest.lock */ = {
			isa = PBXShellScriptBuildPhase;
			buildActionMask = 2147483647;
			files = (
			);
			inputFileListPaths = (
			);
			inputPaths = (
				"${PODS_PODFILE_DIR_PATH}/Podfile.lock",
				"${PODS_ROOT}/Manifest.lock",
			);
			name = "[CP] Check Pods Manifest.lock";
			outputFileListPaths = (
			);
			outputPaths = (
				"$(DERIVED_FILE_DIR)/Pods-iExplore-iExploreTests-checkManifestLockResult.txt",
			);
			runOnlyForDeploymentPostprocessing = 0;
			shellPath = /bin/sh;
			shellScript = "diff \"${PODS_PODFILE_DIR_PATH}/Podfile.lock\" \"${PODS_ROOT}/Manifest.lock\" > /dev/null\nif [ $? != 0 ] ; then\n    # print error to STDERR\n    echo \"error: The sandbox is not in sync with the Podfile.lock. Run 'pod install' or update your CocoaPods installation.\" >&2\n    exit 1\nfi\n# This output is used by Xcode 'outputs' to avoid re-running this script phase.\necho \"SUCCESS\" > \"${SCRIPT_OUTPUT_FILE_0}\"\n";
			showEnvVarsInLog = 0;
		};
		E4F40250A808F5E104B66DD5 /* [CP] Check Pods Manifest.lock */ = {
			isa = PBXShellScriptBuildPhase;
			buildActionMask = 2147483647;
			files = (
			);
			inputFileListPaths = (
			);
			inputPaths = (
				"${PODS_PODFILE_DIR_PATH}/Podfile.lock",
				"${PODS_ROOT}/Manifest.lock",
			);
			name = "[CP] Check Pods Manifest.lock";
			outputFileListPaths = (
			);
			outputPaths = (
				"$(DERIVED_FILE_DIR)/Pods-iExplore-checkManifestLockResult.txt",
			);
			runOnlyForDeploymentPostprocessing = 0;
			shellPath = /bin/sh;
			shellScript = "diff \"${PODS_PODFILE_DIR_PATH}/Podfile.lock\" \"${PODS_ROOT}/Manifest.lock\" > /dev/null\nif [ $? != 0 ] ; then\n    # print error to STDERR\n    echo \"error: The sandbox is not in sync with the Podfile.lock. Run 'pod install' or update your CocoaPods installation.\" >&2\n    exit 1\nfi\n# This output is used by Xcode 'outputs' to avoid re-running this script phase.\necho \"SUCCESS\" > \"${SCRIPT_OUTPUT_FILE_0}\"\n";
			showEnvVarsInLog = 0;
		};
		F46AB2388ACF0CCDCF2225B1 /* [CP] Embed Pods Frameworks */ = {
			isa = PBXShellScriptBuildPhase;
			buildActionMask = 2147483647;
			files = (
			);
			inputFileListPaths = (
				"${PODS_ROOT}/Target Support Files/Pods-iExplore/Pods-iExplore-frameworks-${CONFIGURATION}-input-files.xcfilelist",
			);
			name = "[CP] Embed Pods Frameworks";
			outputFileListPaths = (
				"${PODS_ROOT}/Target Support Files/Pods-iExplore/Pods-iExplore-frameworks-${CONFIGURATION}-output-files.xcfilelist",
			);
			runOnlyForDeploymentPostprocessing = 0;
			shellPath = /bin/sh;
			shellScript = "\"${PODS_ROOT}/Target Support Files/Pods-iExplore/Pods-iExplore-frameworks.sh\"\n";
			showEnvVarsInLog = 0;
		};
/* End PBXShellScriptBuildPhase section */

/* Begin PBXSourcesBuildPhase section */
		00E356EA1AD99517003FC87E /* Sources */ = {
			isa = PBXSourcesBuildPhase;
			buildActionMask = 2147483647;
			files = (
				00E356F31AD99517003FC87E /* iExploreTests.m in Sources */,
			);
			runOnlyForDeploymentPostprocessing = 0;
		};
		13B07F871A680F5B00A75B9A /* Sources */ = {
			isa = PBXSourcesBuildPhase;
			buildActionMask = 2147483647;
			files = (
				13B07FBC1A68108700A75B9A /* AppDelegate.mm in Sources */,
				13B07FC11A68108700A75B9A /* main.m in Sources */,
			);
			runOnlyForDeploymentPostprocessing = 0;
		};
/* End PBXSourcesBuildPhase section */

/* Begin PBXTargetDependency section */
		00E356F51AD99517003FC87E /* PBXTargetDependency */ = {
			isa = PBXTargetDependency;
			target = 13B07F861A680F5B00A75B9A /* iExplore */;
			targetProxy = 00E356F41AD99517003FC87E /* PBXContainerItemProxy */;
		};
/* End PBXTargetDependency section */

/* Begin XCBuildConfiguration section */
		00E356F61AD99517003FC87E /* Debug */ = {
			isa = XCBuildConfiguration;
			baseConfigurationReference = 6078A42BB37A2C4DDD2E5041 /* Pods-iExplore-iExploreTests.debug.xcconfig */;
			buildSettings = {
				BUNDLE_LOADER = "$(TEST_HOST)";
				GCC_PREPROCESSOR_DEFINITIONS = (
					"DEBUG=1",
					"$(inherited)",
				);
				INFOPLIST_FILE = iExploreTests/Info.plist;
				IPHONEOS_DEPLOYMENT_TARGET = 13.4;
				LD_RUNPATH_SEARCH_PATHS = (
					"$(inherited)",
					"@executable_path/Frameworks",
					"@loader_path/Frameworks",
				);
				OTHER_LDFLAGS = (
					"-ObjC",
					"-lc++",
					"$(inherited)",
				);
				PRODUCT_BUNDLE_IDENTIFIER = "org.reactjs.native.example.$(PRODUCT_NAME:rfc1034identifier)";
				PRODUCT_NAME = "$(TARGET_NAME)";
				TEST_HOST = "$(BUILT_PRODUCTS_DIR)/iExplore.app/iExplore";
			};
			name = Debug;
		};
		00E356F71AD99517003FC87E /* Release */ = {
			isa = XCBuildConfiguration;
			baseConfigurationReference = 227B8BEDE6E9A3613CE6E185 /* Pods-iExplore-iExploreTests.release.xcconfig */;
			buildSettings = {
				BUNDLE_LOADER = "$(TEST_HOST)";
				COPY_PHASE_STRIP = NO;
				INFOPLIST_FILE = iExploreTests/Info.plist;
				IPHONEOS_DEPLOYMENT_TARGET = 13.4;
				LD_RUNPATH_SEARCH_PATHS = (
					"$(inherited)",
					"@executable_path/Frameworks",
					"@loader_path/Frameworks",
				);
				OTHER_LDFLAGS = (
					"-ObjC",
					"-lc++",
					"$(inherited)",
				);
				PRODUCT_BUNDLE_IDENTIFIER = "org.reactjs.native.example.$(PRODUCT_NAME:rfc1034identifier)";
				PRODUCT_NAME = "$(TARGET_NAME)";
				TEST_HOST = "$(BUILT_PRODUCTS_DIR)/iExplore.app/iExplore";
			};
			name = Release;
		};
		13B07F941A680F5B00A75B9A /* Debug */ = {
			isa = XCBuildConfiguration;
			baseConfigurationReference = 9E5AE5E3C58F2A4717BE9863 /* Pods-iExplore.debug.xcconfig */;
			buildSettings = {
				ASSETCATALOG_COMPILER_APPICON_NAME = AppIcon;
				CLANG_ENABLE_MODULES = YES;
				CURRENT_PROJECT_VERSION = 1;
				ENABLE_BITCODE = NO;
				INFOPLIST_FILE = iExplore/Info.plist;
				LD_RUNPATH_SEARCH_PATHS = (
					"$(inherited)",
					"@executable_path/Frameworks",
				);
				MARKETING_VERSION = 1.0;
				OTHER_LDFLAGS = (
					"$(inherited)",
					"-ObjC",
					"-lc++",
				);
				PRODUCT_BUNDLE_IDENTIFIER = "org.reactjs.native.example.$(PRODUCT_NAME:rfc1034identifier)";
				PRODUCT_NAME = iExplore;
				SWIFT_OPTIMIZATION_LEVEL = "-Onone";
				SWIFT_VERSION = 5.0;
				VERSIONING_SYSTEM = "apple-generic";
			};
			name = Debug;
		};
		13B07F951A680F5B00A75B9A /* Release */ = {
			isa = XCBuildConfiguration;
			baseConfigurationReference = 1428E97DE3364A1C9A39737D /* Pods-iExplore.release.xcconfig */;
			buildSettings = {
				ASSETCATALOG_COMPILER_APPICON_NAME = AppIcon;
				CLANG_ENABLE_MODULES = YES;
				CURRENT_PROJECT_VERSION = 1;
				INFOPLIST_FILE = iExplore/Info.plist;
				LD_RUNPATH_SEARCH_PATHS = (
					"$(inherited)",
					"@executable_path/Frameworks",
				);
				MARKETING_VERSION = 1.0;
				OTHER_LDFLAGS = (
					"$(inherited)",
					"-ObjC",
					"-lc++",
				);
				PRODUCT_BUNDLE_IDENTIFIER = "org.reactjs.native.example.$(PRODUCT_NAME:rfc1034identifier)";
				PRODUCT_NAME = iExplore;
				SWIFT_VERSION = 5.0;
				VERSIONING_SYSTEM = "apple-generic";
			};
			name = Release;
		};
		83CBBA201A601CBA00E9B192 /* Debug */ = {
			isa = XCBuildConfiguration;
			buildSettings = {
				ALWAYS_SEARCH_USER_PATHS = NO;
				CLANG_ANALYZER_LOCALIZABILITY_NONLOCALIZED = YES;
				CLANG_CXX_LANGUAGE_STANDARD = "c++20";
				CLANG_CXX_LIBRARY = "libc++";
				CLANG_ENABLE_MODULES = YES;
				CLANG_ENABLE_OBJC_ARC = YES;
				CLANG_WARN_BLOCK_CAPTURE_AUTORELEASING = YES;
				CLANG_WARN_BOOL_CONVERSION = YES;
				CLANG_WARN_COMMA = YES;
				CLANG_WARN_CONSTANT_CONVERSION = YES;
				CLANG_WARN_DEPRECATED_OBJC_IMPLEMENTATIONS = YES;
				CLANG_WARN_DIRECT_OBJC_ISA_USAGE = YES_ERROR;
				CLANG_WARN_EMPTY_BODY = YES;
				CLANG_WARN_ENUM_CONVERSION = YES;
				CLANG_WARN_INFINITE_RECURSION = YES;
				CLANG_WARN_INT_CONVERSION = YES;
				CLANG_WARN_NON_LITERAL_NULL_CONVERSION = YES;
				CLANG_WARN_OBJC_IMPLICIT_RETAIN_SELF = YES;
				CLANG_WARN_OBJC_LITERAL_CONVERSION = YES;
				CLANG_WARN_OBJC_ROOT_CLASS = YES_ERROR;
				CLANG_WARN_QUOTED_INCLUDE_IN_FRAMEWORK_HEADER = YES;
				CLANG_WARN_RANGE_LOOP_ANALYSIS = YES;
				CLANG_WARN_STRICT_PROTOTYPES = YES;
				CLANG_WARN_SUSPICIOUS_MOVE = YES;
				CLANG_WARN_UNREACHABLE_CODE = YES;
				CLANG_WARN__DUPLICATE_METHOD_MATCH = YES;
				"CODE_SIGN_IDENTITY[sdk=iphoneos*]" = "iPhone Developer";
				COPY_PHASE_STRIP = NO;
				ENABLE_STRICT_OBJC_MSGSEND = YES;
				ENABLE_TESTABILITY = YES;
				"EXCLUDED_ARCHS[sdk=iphonesimulator*]" = i386;
				GCC_C_LANGUAGE_STANDARD = gnu99;
				GCC_DYNAMIC_NO_PIC = NO;
				GCC_NO_COMMON_BLOCKS = YES;
				GCC_OPTIMIZATION_LEVEL = 0;
				GCC_PREPROCESSOR_DEFINITIONS = (
					"DEBUG=1",
					"$(inherited)",
				);
				GCC_SYMBOLS_PRIVATE_EXTERN = NO;
				GCC_WARN_64_TO_32_BIT_CONVERSION = YES;
				GCC_WARN_ABOUT_RETURN_TYPE = YES_ERROR;
				GCC_WARN_UNDECLARED_SELECTOR = YES;
				GCC_WARN_UNINITIALIZED_AUTOS = YES_AGGRESSIVE;
				GCC_WARN_UNUSED_FUNCTION = YES;
				GCC_WARN_UNUSED_VARIABLE = YES;
				IPHONEOS_DEPLOYMENT_TARGET = 13.4;
				LD_RUNPATH_SEARCH_PATHS = (
					/usr/lib/swift,
					"$(inherited)",
				);
				LIBRARY_SEARCH_PATHS = (
					"\"$(SDKROOT)/usr/lib/swift\"",
					"\"$(TOOLCHAIN_DIR)/usr/lib/swift/$(PLATFORM_NAME)\"",
					"\"$(inherited)\"",
				);
				MTL_ENABLE_DEBUG_INFO = YES;
				ONLY_ACTIVE_ARCH = YES;
				OTHER_CFLAGS = "$(inherited)";
				OTHER_CPLUSPLUSFLAGS = (
					"$(OTHER_CFLAGS)",
					"-DFOLLY_NO_CONFIG",
					"-DFOLLY_MOBILE=1",
					"-DFOLLY_USE_LIBCPP=1",
					"-DFOLLY_CFG_NO_COROUTINES=1",
				);
				OTHER_LDFLAGS = (
					"$(inherited)",
					"-Wl",
					"-ld_classic",
				);
				REACT_NATIVE_PATH = "${PODS_ROOT}/../../node_modules/react-native";
				SDKROOT = iphoneos;
				USE_HERMES = true;
			};
			name = Debug;
		};
		83CBBA211A601CBA00E9B192 /* Release */ = {
			isa = XCBuildConfiguration;
			buildSettings = {
				ALWAYS_SEARCH_USER_PATHS = NO;
				CLANG_ANALYZER_LOCALIZABILITY_NONLOCALIZED = YES;
				CLANG_CXX_LANGUAGE_STANDARD = "c++20";
				CLANG_CXX_LIBRARY = "libc++";
				CLANG_ENABLE_MODULES = YES;
				CLANG_ENABLE_OBJC_ARC = YES;
				CLANG_WARN_BLOCK_CAPTURE_AUTORELEASING = YES;
				CLANG_WARN_BOOL_CONVERSION = YES;
				CLANG_WARN_COMMA = YES;
				CLANG_WARN_CONSTANT_CONVERSION = YES;
				CLANG_WARN_DEPRECATED_OBJC_IMPLEMENTATIONS = YES;
				CLANG_WARN_DIRECT_OBJC_ISA_USAGE = YES_ERROR;
				CLANG_WARN_EMPTY_BODY = YES;
				CLANG_WARN_ENUM_CONVERSION = YES;
				CLANG_WARN_INFINITE_RECURSION = YES;
				CLANG_WARN_INT_CONVERSION = YES;
				CLANG_WARN_NON_LITERAL_NULL_CONVERSION = YES;
				CLANG_WARN_OBJC_IMPLICIT_RETAIN_SELF = YES;
				CLANG_WARN_OBJC_LITERAL_CONVERSION = YES;
				CLANG_WARN_OBJC_ROOT_CLASS = YES_ERROR;
				CLANG_WARN_QUOTED_INCLUDE_IN_FRAMEWORK_HEADER = YES;
				CLANG_WARN_RANGE_LOOP_ANALYSIS = YES;
				CLANG_WARN_STRICT_PROTOTYPES = YES;
				CLANG_WARN_SUSPICIOUS_MOVE = YES;
				CLANG_WARN_UNREACHABLE_CODE = YES;
				CLANG_WARN__DUPLICATE_METHOD_MATCH = YES;
				"CODE_SIGN_IDENTITY[sdk=iphoneos*]" = "iPhone Developer";
				COPY_PHASE_STRIP = YES;
				ENABLE_NS_ASSERTIONS = NO;
				ENABLE_STRICT_OBJC_MSGSEND = YES;
				"EXCLUDED_ARCHS[sdk=iphonesimulator*]" = i386;
				GCC_C_LANGUAGE_STANDARD = gnu99;
				GCC_NO_COMMON_BLOCKS = YES;
				GCC_WARN_64_TO_32_BIT_CONVERSION = YES;
				GCC_WARN_ABOUT_RETURN_TYPE = YES_ERROR;
				GCC_WARN_UNDECLARED_SELECTOR = YES;
				GCC_WARN_UNINITIALIZED_AUTOS = YES_AGGRESSIVE;
				GCC_WARN_UNUSED_FUNCTION = YES;
				GCC_WARN_UNUSED_VARIABLE = YES;
				IPHONEOS_DEPLOYMENT_TARGET = 13.4;
				LD_RUNPATH_SEARCH_PATHS = (
					/usr/lib/swift,
					"$(inherited)",
				);
				LIBRARY_SEARCH_PATHS = (
					"\"$(SDKROOT)/usr/lib/swift\"",
					"\"$(TOOLCHAIN_DIR)/usr/lib/swift/$(PLATFORM_NAME)\"",
					"\"$(inherited)\"",
				);
				MTL_ENABLE_DEBUG_INFO = NO;
				OTHER_CFLAGS = "$(inherited)";
				OTHER_CPLUSPLUSFLAGS = (
					"$(OTHER_CFLAGS)",
					"-DFOLLY_NO_CONFIG",
					"-DFOLLY_MOBILE=1",
					"-DFOLLY_USE_LIBCPP=1",
					"-DFOLLY_CFG_NO_COROUTINES=1",
				);
				OTHER_LDFLAGS = (
					"$(inherited)",
					"-Wl",
					"-ld_classic",
				);
				REACT_NATIVE_PATH = "${PODS_ROOT}/../../node_modules/react-native";
				SDKROOT = iphoneos;
				USE_HERMES = true;
				VALIDATE_PRODUCT = YES;
			};
			name = Release;
		};
/* End XCBuildConfiguration section */

/* Begin XCConfigurationList section */
		00E357021AD99517003FC87E /* Build configuration list for PBXNativeTarget "iExploreTests" */ = {
			isa = XCConfigurationList;
			buildConfigurations = (
				00E356F61AD99517003FC87E /* Debug */,
				00E356F71AD99517003FC87E /* Release */,
			);
			defaultConfigurationIsVisible = 0;
			defaultConfigurationName = Release;
		};
		13B07F931A680F5B00A75B9A /* Build configuration list for PBXNativeTarget "iExplore" */ = {
			isa = XCConfigurationList;
			buildConfigurations = (
				13B07F941A680F5B00A75B9A /* Debug */,
				13B07F951A680F5B00A75B9A /* Release */,
			);
			defaultConfigurationIsVisible = 0;
			defaultConfigurationName = Release;
		};
		83CBB9FA1A601CBA00E9B192 /* Build configuration list for PBXProject "iExplore" */ = {
			isa = XCConfigurationList;
			buildConfigurations = (
				83CBBA201A601CBA00E9B192 /* Debug */,
				83CBBA211A601CBA00E9B192 /* Release */,
			);
			defaultConfigurationIsVisible = 0;
			defaultConfigurationName = Release;
		};
/* End XCConfigurationList section */
	};
	rootObject = 83CBB9F71A601CBA00E9B192 /* Project object */;
}
